// !$*UTF8*$!
{
	archiveVersion = 1;
	classes = {
	};
	objectVersion = 50;
	objects = {

/* Begin PBXBuildFile section */
		0B62700024FAEFD0005B56F0 /* Grid.swift in Sources */ = {isa = PBXBuildFile; fileRef = 0B626FFF24FAEFD0005B56F0 /* Grid.swift */; };
		0B62700424FAF546005B56F0 /* GridLayout.swift in Sources */ = {isa = PBXBuildFile; fileRef = 0B62700324FAF546005B56F0 /* GridLayout.swift */; };
		0B62700624FC8DF8005B56F0 /* Array+identifiable.swift in Sources */ = {isa = PBXBuildFile; fileRef = 0B62700524FC8DF8005B56F0 /* Array+identifiable.swift */; };
		0B62700824FCA6A7005B56F0 /* Array+Only.swift in Sources */ = {isa = PBXBuildFile; fileRef = 0B62700724FCA6A7005B56F0 /* Array+Only.swift */; };
		0BB61D7724FDEC6E00CE1693 /* Pie.swift in Sources */ = {isa = PBXBuildFile; fileRef = 0BB61D7624FDEC6E00CE1693 /* Pie.swift */; };
		0BB61D7924FDF57B00CE1693 /* View+Cardify.swift in Sources */ = {isa = PBXBuildFile; fileRef = 0BB61D7824FDF57B00CE1693 /* View+Cardify.swift */; };
		4E0F4EBD24AED03A0068DA0A /* AppDelegate.swift in Sources */ = {isa = PBXBuildFile; fileRef = 4E0F4EBC24AED03A0068DA0A /* AppDelegate.swift */; };
		4E0F4EBF24AED03A0068DA0A /* SceneDelegate.swift in Sources */ = {isa = PBXBuildFile; fileRef = 4E0F4EBE24AED03A0068DA0A /* SceneDelegate.swift */; };
		4E0F4EC124AED03A0068DA0A /* ContentView.swift in Sources */ = {isa = PBXBuildFile; fileRef = 4E0F4EC024AED03A0068DA0A /* ContentView.swift */; };
		4E0F4EC324AED0400068DA0A /* Assets.xcassets in Resources */ = {isa = PBXBuildFile; fileRef = 4E0F4EC224AED0400068DA0A /* Assets.xcassets */; };
		4E0F4EC624AED0400068DA0A /* Preview Assets.xcassets in Resources */ = {isa = PBXBuildFile; fileRef = 4E0F4EC524AED0400068DA0A /* Preview Assets.xcassets */; };
		4E0F4EC924AED0400068DA0A /* LaunchScreen.storyboard in Resources */ = {isa = PBXBuildFile; fileRef = 4E0F4EC724AED0400068DA0A /* LaunchScreen.storyboard */; };
		4E65D80B24B2833F00C08A68 /* MemoryGameModel.swift in Sources */ = {isa = PBXBuildFile; fileRef = 4E65D80A24B2833F00C08A68 /* MemoryGameModel.swift */; };
		4E65D80D24B28CBD00C08A68 /* EmojiMemoryGameViewModel.swift in Sources */ = {isa = PBXBuildFile; fileRef = 4E65D80C24B28CBD00C08A68 /* EmojiMemoryGameViewModel.swift */; };
/* End PBXBuildFile section */

/* Begin PBXFileReference section */
		0B626FFF24FAEFD0005B56F0 /* Grid.swift */ = {isa = PBXFileReference; lastKnownFileType = sourcecode.swift; path = Grid.swift; sourceTree = "<group>"; };
		0B62700324FAF546005B56F0 /* GridLayout.swift */ = {isa = PBXFileReference; fileEncoding = 4; lastKnownFileType = sourcecode.swift; path = GridLayout.swift; sourceTree = "<group>"; };
		0B62700524FC8DF8005B56F0 /* Array+identifiable.swift */ = {isa = PBXFileReference; lastKnownFileType = sourcecode.swift; path = "Array+identifiable.swift"; sourceTree = "<group>"; };
		0B62700724FCA6A7005B56F0 /* Array+Only.swift */ = {isa = PBXFileReference; lastKnownFileType = sourcecode.swift; path = "Array+Only.swift"; sourceTree = "<group>"; };
		0BB61D7624FDEC6E00CE1693 /* Pie.swift */ = {isa = PBXFileReference; lastKnownFileType = sourcecode.swift; path = Pie.swift; sourceTree = "<group>"; };
		0BB61D7824FDF57B00CE1693 /* View+Cardify.swift */ = {isa = PBXFileReference; lastKnownFileType = sourcecode.swift; path = "View+Cardify.swift"; sourceTree = "<group>"; };
		4E0F4EB924AED03A0068DA0A /* Memorize.app */ = {isa = PBXFileReference; explicitFileType = wrapper.application; includeInIndex = 0; path = Memorize.app; sourceTree = BUILT_PRODUCTS_DIR; };
		4E0F4EBC24AED03A0068DA0A /* AppDelegate.swift */ = {isa = PBXFileReference; lastKnownFileType = sourcecode.swift; path = AppDelegate.swift; sourceTree = "<group>"; };
		4E0F4EBE24AED03A0068DA0A /* SceneDelegate.swift */ = {isa = PBXFileReference; lastKnownFileType = sourcecode.swift; path = SceneDelegate.swift; sourceTree = "<group>"; };
		4E0F4EC024AED03A0068DA0A /* ContentView.swift */ = {isa = PBXFileReference; lastKnownFileType = sourcecode.swift; path = ContentView.swift; sourceTree = "<group>"; };
		4E0F4EC224AED0400068DA0A /* Assets.xcassets */ = {isa = PBXFileReference; lastKnownFileType = folder.assetcatalog; path = Assets.xcassets; sourceTree = "<group>"; };
		4E0F4EC524AED0400068DA0A /* Preview Assets.xcassets */ = {isa = PBXFileReference; lastKnownFileType = folder.assetcatalog; path = "Preview Assets.xcassets"; sourceTree = "<group>"; };
		4E0F4EC824AED0400068DA0A /* Base */ = {isa = PBXFileReference; lastKnownFileType = file.storyboard; name = Base; path = Base.lproj/LaunchScreen.storyboard; sourceTree = "<group>"; };
		4E0F4ECA24AED0400068DA0A /* Info.plist */ = {isa = PBXFileReference; lastKnownFileType = text.plist.xml; path = Info.plist; sourceTree = "<group>"; };
		4E65D80A24B2833F00C08A68 /* MemoryGameModel.swift */ = {isa = PBXFileReference; lastKnownFileType = sourcecode.swift; path = MemoryGameModel.swift; sourceTree = "<group>"; };
		4E65D80C24B28CBD00C08A68 /* EmojiMemoryGameViewModel.swift */ = {isa = PBXFileReference; lastKnownFileType = sourcecode.swift; path = EmojiMemoryGameViewModel.swift; sourceTree = "<group>"; };
/* End PBXFileReference section */

/* Begin PBXFrameworksBuildPhase section */
		4E0F4EB624AED03A0068DA0A /* Frameworks */ = {
			isa = PBXFrameworksBuildPhase;
			buildActionMask = 2147483647;
			files = (
			);
			runOnlyForDeploymentPostprocessing = 0;
		};
/* End PBXFrameworksBuildPhase section */

/* Begin PBXGroup section */
		4E0F4EB024AED03A0068DA0A = {
			isa = PBXGroup;
			children = (
				4E0F4EBB24AED03A0068DA0A /* Memorize */,
				4E0F4EBA24AED03A0068DA0A /* Products */,
			);
			sourceTree = "<group>";
		};
		4E0F4EBA24AED03A0068DA0A /* Products */ = {
			isa = PBXGroup;
			children = (
				4E0F4EB924AED03A0068DA0A /* Memorize.app */,
			);
			name = Products;
			sourceTree = "<group>";
		};
		4E0F4EBB24AED03A0068DA0A /* Memorize */ = {
			isa = PBXGroup;
			children = (
				4E65D80C24B28CBD00C08A68 /* EmojiMemoryGameViewModel.swift */,
				4E0F4EBC24AED03A0068DA0A /* AppDelegate.swift */,
				4E65D80A24B2833F00C08A68 /* MemoryGameModel.swift */,
				4E0F4EBE24AED03A0068DA0A /* SceneDelegate.swift */,
				4E0F4EC024AED03A0068DA0A /* ContentView.swift */,
				0BB61D7624FDEC6E00CE1693 /* Pie.swift */,
				4E0F4EC224AED0400068DA0A /* Assets.xcassets */,
				4E0F4EC724AED0400068DA0A /* LaunchScreen.storyboard */,
				4E0F4ECA24AED0400068DA0A /* Info.plist */,
				4E0F4EC424AED0400068DA0A /* Preview Content */,
				0B626FFF24FAEFD0005B56F0 /* Grid.swift */,
				0B62700324FAF546005B56F0 /* GridLayout.swift */,
				0B62700524FC8DF8005B56F0 /* Array+identifiable.swift */,
				0B62700724FCA6A7005B56F0 /* Array+Only.swift */,
				0BB61D7824FDF57B00CE1693 /* View+Cardify.swift */,
			);
			path = Memorize;
			sourceTree = "<group>";
		};
		4E0F4EC424AED0400068DA0A /* Preview Content */ = {
			isa = PBXGroup;
			children = (
				4E0F4EC524AED0400068DA0A /* Preview Assets.xcassets */,
			);
			path = "Preview Content";
			sourceTree = "<group>";
		};
/* End PBXGroup section */

/* Begin PBXNativeTarget section */
		4E0F4EB824AED03A0068DA0A /* Memorize */ = {
			isa = PBXNativeTarget;
			buildConfigurationList = 4E0F4ECD24AED0400068DA0A /* Build configuration list for PBXNativeTarget "Memorize" */;
			buildPhases = (
				4E0F4EB524AED03A0068DA0A /* Sources */,
				4E0F4EB624AED03A0068DA0A /* Frameworks */,
				4E0F4EB724AED03A0068DA0A /* Resources */,
			);
			buildRules = (
			);
			dependencies = (
			);
			name = Memorize;
			productName = Memorize;
			productReference = 4E0F4EB924AED03A0068DA0A /* Memorize.app */;
			productType = "com.apple.product-type.application";
		};
/* End PBXNativeTarget section */

/* Begin PBXProject section */
		4E0F4EB124AED03A0068DA0A /* Project object */ = {
			isa = PBXProject;
			attributes = {
				LastSwiftUpdateCheck = 1150;
				LastUpgradeCheck = 1150;
				ORGANIZATIONNAME = "Felipe Santos";
				TargetAttributes = {
					4E0F4EB824AED03A0068DA0A = {
						CreatedOnToolsVersion = 11.5;
					};
				};
			};
			buildConfigurationList = 4E0F4EB424AED03A0068DA0A /* Build configuration list for PBXProject "Memorize" */;
			compatibilityVersion = "Xcode 9.3";
			developmentRegion = en;
			hasScannedForEncodings = 0;
			knownRegions = (
				en,
				Base,
			);
			mainGroup = 4E0F4EB024AED03A0068DA0A;
			productRefGroup = 4E0F4EBA24AED03A0068DA0A /* Products */;
			projectDirPath = "";
			projectRoot = "";
			targets = (
				4E0F4EB824AED03A0068DA0A /* Memorize */,
			);
		};
/* End PBXProject section */

/* Begin PBXResourcesBuildPhase section */
		4E0F4EB724AED03A0068DA0A /* Resources */ = {
			isa = PBXResourcesBuildPhase;
			buildActionMask = 2147483647;
			files = (
				4E0F4EC924AED0400068DA0A /* LaunchScreen.storyboard in Resources */,
				4E0F4EC624AED0400068DA0A /* Preview Assets.xcassets in Resources */,
				4E0F4EC324AED0400068DA0A /* Assets.xcassets in Resources */,
			);
			runOnlyForDeploymentPostprocessing = 0;
		};
/* End PBXResourcesBuildPhase section */

/* Begin PBXSourcesBuildPhase section */
		4E0F4EB524AED03A0068DA0A /* Sources */ = {
			isa = PBXSourcesBuildPhase;
			buildActionMask = 2147483647;
			files = (
				0BB61D7724FDEC6E00CE1693 /* Pie.swift in Sources */,
				4E0F4EBD24AED03A0068DA0A /* AppDelegate.swift in Sources */,
				4E0F4EBF24AED03A0068DA0A /* SceneDelegate.swift in Sources */,
				4E65D80B24B2833F00C08A68 /* MemoryGameModel.swift in Sources */,
				0B62700824FCA6A7005B56F0 /* Array+Only.swift in Sources */,
				4E0F4EC124AED03A0068DA0A /* ContentView.swift in Sources */,
				4E65D80D24B28CBD00C08A68 /* EmojiMemoryGameViewModel.swift in Sources */,
				0B62700624FC8DF8005B56F0 /* Array+identifiable.swift in Sources */,
				0B62700424FAF546005B56F0 /* GridLayout.swift in Sources */,
				0BB61D7924FDF57B00CE1693 /* View+Cardify.swift in Sources */,
				0B62700024FAEFD0005B56F0 /* Grid.swift in Sources */,
			);
			runOnlyForDeploymentPostprocessing = 0;
		};
/* End PBXSourcesBuildPhase section */

/* Begin PBXVariantGroup section */
		4E0F4EC724AED0400068DA0A /* LaunchScreen.storyboard */ = {
			isa = PBXVariantGroup;
			children = (
				4E0F4EC824AED0400068DA0A /* Base */,
			);
			name = LaunchScreen.storyboard;
			sourceTree = "<group>";
		};
/* End PBXVariantGroup section */

/* Begin XCBuildConfiguration section */
		4E0F4ECB24AED0400068DA0A /* Debug */ = {
			isa = XCBuildConfiguration;
			buildSettings = {
				ALWAYS_SEARCH_USER_PATHS = NO;
				CLANG_ANALYZER_NONNULL = YES;
				CLANG_ANALYZER_NUMBER_OBJECT_CONVERSION = YES_AGGRESSIVE;
				CLANG_CXX_LANGUAGE_STANDARD = "gnu++14";
				CLANG_CXX_LIBRARY = "libc++";
				CLANG_ENABLE_MODULES = YES;
				CLANG_ENABLE_OBJC_ARC = YES;
				CLANG_ENABLE_OBJC_WEAK = YES;
				CLANG_WARN_BLOCK_CAPTURE_AUTORELEASING = YES;
				CLANG_WARN_BOOL_CONVERSION = YES;
				CLANG_WARN_COMMA = YES;
				CLANG_WARN_CONSTANT_CONVERSION = YES;
				CLANG_WARN_DEPRECATED_OBJC_IMPLEMENTATIONS = YES;
				CLANG_WARN_DIRECT_OBJC_ISA_USAGE = YES_ERROR;
				CLANG_WARN_DOCUMENTATION_COMMENTS = YES;
				CLANG_WARN_EMPTY_BODY = YES;
				CLANG_WARN_ENUM_CONVERSION = YES;
				CLANG_WARN_INFINITE_RECURSION = YES;
				CLANG_WARN_INT_CONVERSION = YES;
				CLANG_WARN_NON_LITERAL_NULL_CONVERSION = YES;
				CLANG_WARN_OBJC_IMPLICIT_RETAIN_SELF = YES;
				CLANG_WARN_OBJC_LITERAL_CONVERSION = YES;
				CLANG_WARN_OBJC_ROOT_CLASS = YES_ERROR;
				CLANG_WARN_RANGE_LOOP_ANALYSIS = YES;
				CLANG_WARN_STRICT_PROTOTYPES = YES;
				CLANG_WARN_SUSPICIOUS_MOVE = YES;
				CLANG_WARN_UNGUARDED_AVAILABILITY = YES_AGGRESSIVE;
				CLANG_WARN_UNREACHABLE_CODE = YES;
				CLANG_WARN__DUPLICATE_METHOD_MATCH = YES;
				COPY_PHASE_STRIP = NO;
				DEBUG_INFORMATION_FORMAT = dwarf;
				ENABLE_STRICT_OBJC_MSGSEND = YES;
				ENABLE_TESTABILITY = YES;
				GCC_C_LANGUAGE_STANDARD = gnu11;
				GCC_DYNAMIC_NO_PIC = NO;
				GCC_NO_COMMON_BLOCKS = YES;
				GCC_OPTIMIZATION_LEVEL = 0;
				GCC_PREPROCESSOR_DEFINITIONS = (
					"DEBUG=1",
					"$(inherited)",
				);
				GCC_WARN_64_TO_32_BIT_CONVERSION = YES;
				GCC_WARN_ABOUT_RETURN_TYPE = YES_ERROR;
				GCC_WARN_UNDECLARED_SELECTOR = YES;
				GCC_WARN_UNINITIALIZED_AUTOS = YES_AGGRESSIVE;
				GCC_WARN_UNUSED_FUNCTION = YES;
				GCC_WARN_UNUSED_VARIABLE = YES;
				IPHONEOS_DEPLOYMENT_TARGET = 13.5;
				MTL_ENABLE_DEBUG_INFO = INCLUDE_SOURCE;
				MTL_FAST_MATH = YES;
				ONLY_ACTIVE_ARCH = YES;
				SDKROOT = iphoneos;
				SWIFT_ACTIVE_COMPILATION_CONDITIONS = DEBUG;
				SWIFT_OPTIMIZATION_LEVEL = "-Onone";
			};
			name = Debug;
		};
		4E0F4ECC24AED0400068DA0A /* Release */ = {
			isa = XCBuildConfiguration;
			buildSettings = {
				ALWAYS_SEARCH_USER_PATHS = NO;
				CLANG_ANALYZER_NONNULL = YES;
				CLANG_ANALYZER_NUMBER_OBJECT_CONVERSION = YES_AGGRESSIVE;
				CLANG_CXX_LANGUAGE_STANDARD = "gnu++14";
				CLANG_CXX_LIBRARY = "libc++";
				CLANG_ENABLE_MODULES = YES;
				CLANG_ENABLE_OBJC_ARC = YES;
				CLANG_ENABLE_OBJC_WEAK = YES;
				CLANG_WARN_BLOCK_CAPTURE_AUTORELEASING = YES;
				CLANG_WARN_BOOL_CONVERSION = YES;
				CLANG_WARN_COMMA = YES;
				CLANG_WARN_CONSTANT_CONVERSION = YES;
				CLANG_WARN_DEPRECATED_OBJC_IMPLEMENTATIONS = YES;
				CLANG_WARN_DIRECT_OBJC_ISA_USAGE = YES_ERROR;
				CLANG_WARN_DOCUMENTATION_COMMENTS = YES;
				CLANG_WARN_EMPTY_BODY = YES;
				CLANG_WARN_ENUM_CONVERSION = YES;
				CLANG_WARN_INFINITE_RECURSION = YES;
				CLANG_WARN_INT_CONVERSION = YES;
				CLANG_WARN_NON_LITERAL_NULL_CONVERSION = YES;
				CLANG_WARN_OBJC_IMPLICIT_RETAIN_SELF = YES;
				CLANG_WARN_OBJC_LITERAL_CONVERSION = YES;
				CLANG_WARN_OBJC_ROOT_CLASS = YES_ERROR;
				CLANG_WARN_RANGE_LOOP_ANALYSIS = YES;
				CLANG_WARN_STRICT_PROTOTYPES = YES;
				CLANG_WARN_SUSPICIOUS_MOVE = YES;
				CLANG_WARN_UNGUARDED_AVAILABILITY = YES_AGGRESSIVE;
				CLANG_WARN_UNREACHABLE_CODE = YES;
				CLANG_WARN__DUPLICATE_METHOD_MATCH = YES;
				COPY_PHASE_STRIP = NO;
				DEBUG_INFORMATION_FORMAT = "dwarf-with-dsym";
				ENABLE_NS_ASSERTIONS = NO;
				ENABLE_STRICT_OBJC_MSGSEND = YES;
				GCC_C_LANGUAGE_STANDARD = gnu11;
				GCC_NO_COMMON_BLOCKS = YES;
				GCC_WARN_64_TO_32_BIT_CONVERSION = YES;
				GCC_WARN_ABOUT_RETURN_TYPE = YES_ERROR;
				GCC_WARN_UNDECLARED_SELECTOR = YES;
				GCC_WARN_UNINITIALIZED_AUTOS = YES_AGGRESSIVE;
				GCC_WARN_UNUSED_FUNCTION = YES;
				GCC_WARN_UNUSED_VARIABLE = YES;
				IPHONEOS_DEPLOYMENT_TARGET = 13.5;
				MTL_ENABLE_DEBUG_INFO = NO;
				MTL_FAST_MATH = YES;
				SDKROOT = iphoneos;
				SWIFT_COMPILATION_MODE = wholemodule;
				SWIFT_OPTIMIZATION_LEVEL = "-O";
				VALIDATE_PRODUCT = YES;
			};
			name = Release;
		};
		4E0F4ECE24AED0400068DA0A /* Debug */ = {
			isa = XCBuildConfiguration;
			buildSettings = {
				ASSETCATALOG_COMPILER_APPICON_NAME = AppIcon;
				CODE_SIGN_STYLE = Automatic;
				DEVELOPMENT_ASSET_PATHS = "\"Memorize/Preview Content\"";
				ENABLE_PREVIEWS = YES;
				INFOPLIST_FILE = Memorize/Info.plist;
				IPHONEOS_DEPLOYMENT_TARGET = 13.0;
				LD_RUNPATH_SEARCH_PATHS = (
					"$(inherited)",
					"@executable_path/Frameworks",
				);
				PRODUCT_BUNDLE_IDENTIFIER = com.felipesantos.Memorize;
				PRODUCT_NAME = "$(TARGET_NAME)";
				SWIFT_VERSION = 5.0;
				TARGETED_DEVICE_FAMILY = "1,2";
			};
			name = Debug;
		};
		4E0F4ECF24AED0400068DA0A /* Release */ = {
			isa = XCBuildConfiguration;
			buildSettings = {
				ASSETCATALOG_COMPILER_APPICON_NAME = AppIcon;
				CODE_SIGN_STYLE = Automatic;
				DEVELOPMENT_ASSET_PATHS = "\"Memorize/Preview Content\"";
				ENABLE_PREVIEWS = YES;
				INFOPLIST_FILE = Memorize/Info.plist;
				IPHONEOS_DEPLOYMENT_TARGET = 13.0;
				LD_RUNPATH_SEARCH_PATHS = (
					"$(inherited)",
					"@executable_path/Frameworks",
				);
				PRODUCT_BUNDLE_IDENTIFIER = com.felipesantos.Memorize;
				PRODUCT_NAME = "$(TARGET_NAME)";
				SWIFT_VERSION = 5.0;
				TARGETED_DEVICE_FAMILY = "1,2";
			};
			name = Release;
		};
/* End XCBuildConfiguration section */

/* Begin XCConfigurationList section */
		4E0F4EB424AED03A0068DA0A /* Build configuration list for PBXProject "Memorize" */ = {
			isa = XCConfigurationList;
			buildConfigurations = (
				4E0F4ECB24AED0400068DA0A /* Debug */,
				4E0F4ECC24AED0400068DA0A /* Release */,
			);
			defaultConfigurationIsVisible = 0;
			defaultConfigurationName = Release;
		};
		4E0F4ECD24AED0400068DA0A /* Build configuration list for PBXNativeTarget "Memorize" */ = {
			isa = XCConfigurationList;
			buildConfigurations = (
				4E0F4ECE24AED0400068DA0A /* Debug */,
				4E0F4ECF24AED0400068DA0A /* Release */,
			);
			defaultConfigurationIsVisible = 0;
			defaultConfigurationName = Release;
		};
/* End XCConfigurationList section */
	};
	rootObject = 4E0F4EB124AED03A0068DA0A /* Project object */;
}
